
Microsoft Visual Studio Solution File, Format Version 12.00
# Visual Studio 15
VisualStudioVersion = 15.0.27130.2027
MinimumVisualStudioVersion = 10.0.40219.1
Project("{FAE04EC0-301F-11D3-BF4B-00C04F79EFBC}") = "ContactsLibrary", "ContactsLibrary\ContactsLibrary.csproj", "{69B326FE-8146-4748-BE12-CE009D6A0528}"
EndProject
Project("{FAE04EC0-301F-11D3-BF4B-00C04F79EFBC}") = "ContactsUI", "ContactsUI\ContactsUI.csproj", "{A8DD56FA-5355-4F04-9780-F2A0935305D9}"
EndProject
Global
	GlobalSection(SolutionConfigurationPlatforms) = preSolution
		Debug|Any CPU = Debug|Any CPU
		Release|Any CPU = Release|Any CPU
	EndGlobalSection
	GlobalSection(ProjectConfigurationPlatforms) = postSolution
		{69B326FE-8146-4748-BE12-CE009D6A0528}.Debug|Any CPU.ActiveCfg = Debug|Any CPU
		{69B326FE-8146-4748-BE12-CE009D6A0528}.Debug|Any CPU.Build.0 = Debug|Any CPU
		{69B326FE-8146-4748-BE12-CE009D6A0528}.Release|Any CPU.ActiveCfg = Release|Any CPU
		{69B326FE-8146-4748-BE12-CE009D6A0528}.Release|Any CPU.Build.0 = Release|Any CPU
		{A8DD56FA-5355-4F04-9780-F2A0935305D9}.Debug|Any CPU.ActiveCfg = Debug|Any CPU
		{A8DD56FA-5355-4F04-9780-F2A0935305D9}.Debug|Any CPU.Build.0 = Debug|Any CPU
		{A8DD56FA-5355-4F04-9780-F2A0935305D9}.Release|Any CPU.ActiveCfg = Release|Any CPU
		{A8DD56FA-5355-4F04-9780-F2A0935305D9}.Release|Any CPU.Build.0 = Release|Any CPU
	EndGlobalSection
	GlobalSection(SolutionProperties) = preSolution
		HideSolutionNode = FALSE
	EndGlobalSection
	GlobalSection(ExtensibilityGlobals) = postSolution
		SolutionGuid = {05226E9E-39AD-4AC3-AE84-84AE993A6E8D}
	EndGlobalSection
EndGlobal
